Microsoft Visual Studio Solution File, Format Version 12.00
# Visual Studio Version 17
VisualStudioVersion = 17.5.2.0
MinimumVisualStudioVersion = 10.0.40219.1
Project("{FAE04EC0-301F-11D3-BF4B-00C04F79EFBC}") = "MacroManager", "MacroManager\MacroManager.csproj", "{BDD2A82E-F003-EBEF-4C11-A5A9290B3BB6}"
EndProject
Global
	GlobalSection(SolutionConfigurationPlatforms) = preSolution
		Debug|Any CPU = Debug|Any CPU
		Release|Any CPU = Release|Any CPU
	EndGlobalSection
	GlobalSection(ProjectConfigurationPlatforms) = postSolution
		{BDD2A82E-F003-EBEF-4C11-A5A9290B3BB6}.Debug|Any CPU.ActiveCfg = Debug|Any CPU
		{BDD2A82E-F003-EBEF-4C11-A5A9290B3BB6}.Debug|Any CPU.Build.0 = Debug|Any CPU
		{BDD2A82E-F003-EBEF-4C11-A5A9290B3BB6}.Release|Any CPU.ActiveCfg = Release|Any CPU
		{BDD2A82E-F003-EBEF-4C11-A5A9290B3BB6}.Release|Any CPU.Build.0 = Release|Any CPU
	EndGlobalSection
	GlobalSection(SolutionProperties) = preSolution
		HideSolutionNode = FALSE
	EndGlobalSection
	GlobalSection(ExtensibilityGlobals) = postSolution
		SolutionGuid = {C4432D7B-B268-4877-8310-891D6F08B5BC}
	EndGlobalSection
EndGlobal
